
Microsoft Visual Studio Solution File, Format Version 12.00
# Visual Studio 15
VisualStudioVersion = 15.0.26124.0
MinimumVisualStudioVersion = 15.0.26124.0
Project("{2150E333-8FDC-42A3-9474-1A3956D46DE8}") = "Specs", "Specs", "{ADC2B9D9-5CB5-4771-91B4-0A1B4C7DF0F8}"
EndProject
Project("{FAE04EC0-301F-11D3-BF4B-00C04F79EFBC}") = "ConfigMgr.IntegrationSpecs", "Specs\ConfigMgr.IntegrationSpecs\ConfigMgr.IntegrationSpecs.csproj", "{3B813815-CA85-486A-82B6-03180D7FF9F2}"
EndProject
Project("{2150E333-8FDC-42A3-9474-1A3956D46DE8}") = "Samples", "Samples", "{F298A905-159F-4E55-B7C1-D9D3DB439614}"
EndProject
Project("{FAE04EC0-301F-11D3-BF4B-00C04F79EFBC}") = "ConsoleApp", "Samples\ConsoleApp\ConsoleApp.csproj", "{DA73D001-9093-4C91-8814-663A7087E104}"
EndProject
Global
	GlobalSection(SolutionConfigurationPlatforms) = preSolution
		Debug|Any CPU = Debug|Any CPU
		Debug|x64 = Debug|x64
		Debug|x86 = Debug|x86
		Release|Any CPU = Release|Any CPU
		Release|x64 = Release|x64
		Release|x86 = Release|x86
	EndGlobalSection
	GlobalSection(SolutionProperties) = preSolution
		HideSolutionNode = FALSE
	EndGlobalSection
	GlobalSection(ProjectConfigurationPlatforms) = postSolution
		{3B813815-CA85-486A-82B6-03180D7FF9F2}.Debug|Any CPU.ActiveCfg = Debug|Any CPU
		{3B813815-CA85-486A-82B6-03180D7FF9F2}.Debug|Any CPU.Build.0 = Debug|Any CPU
		{3B813815-CA85-486A-82B6-03180D7FF9F2}.Debug|x64.ActiveCfg = Debug|Any CPU
		{3B813815-CA85-486A-82B6-03180D7FF9F2}.Debug|x64.Build.0 = Debug|Any CPU
		{3B813815-CA85-486A-82B6-03180D7FF9F2}.Debug|x86.ActiveCfg = Debug|Any CPU
		{3B813815-CA85-486A-82B6-03180D7FF9F2}.Debug|x86.Build.0 = Debug|Any CPU
		{3B813815-CA85-486A-82B6-03180D7FF9F2}.Release|Any CPU.ActiveCfg = Release|Any CPU
		{3B813815-CA85-486A-82B6-03180D7FF9F2}.Release|Any CPU.Build.0 = Release|Any CPU
		{3B813815-CA85-486A-82B6-03180D7FF9F2}.Release|x64.ActiveCfg = Release|Any CPU
		{3B813815-CA85-486A-82B6-03180D7FF9F2}.Release|x64.Build.0 = Release|Any CPU
		{3B813815-CA85-486A-82B6-03180D7FF9F2}.Release|x86.ActiveCfg = Release|Any CPU
		{3B813815-CA85-486A-82B6-03180D7FF9F2}.Release|x86.Build.0 = Release|Any CPU
		{DA73D001-9093-4C91-8814-663A7087E104}.Debug|Any CPU.ActiveCfg = Debug|Any CPU
		{DA73D001-9093-4C91-8814-663A7087E104}.Debug|Any CPU.Build.0 = Debug|Any CPU
		{DA73D001-9093-4C91-8814-663A7087E104}.Debug|x64.ActiveCfg = Debug|Any CPU
		{DA73D001-9093-4C91-8814-663A7087E104}.Debug|x64.Build.0 = Debug|Any CPU
		{DA73D001-9093-4C91-8814-663A7087E104}.Debug|x86.ActiveCfg = Debug|Any CPU
		{DA73D001-9093-4C91-8814-663A7087E104}.Debug|x86.Build.0 = Debug|Any CPU
		{DA73D001-9093-4C91-8814-663A7087E104}.Release|Any CPU.ActiveCfg = Release|Any CPU
		{DA73D001-9093-4C91-8814-663A7087E104}.Release|Any CPU.Build.0 = Release|Any CPU
		{DA73D001-9093-4C91-8814-663A7087E104}.Release|x64.ActiveCfg = Release|Any CPU
		{DA73D001-9093-4C91-8814-663A7087E104}.Release|x64.Build.0 = Release|Any CPU
		{DA73D001-9093-4C91-8814-663A7087E104}.Release|x86.ActiveCfg = Release|Any CPU
		{DA73D001-9093-4C91-8814-663A7087E104}.Release|x86.Build.0 = Release|Any CPU
	EndGlobalSection
	GlobalSection(NestedProjects) = preSolution
		{3B813815-CA85-486A-82B6-03180D7FF9F2} = {ADC2B9D9-5CB5-4771-91B4-0A1B4C7DF0F8}
		{DA73D001-9093-4C91-8814-663A7087E104} = {F298A905-159F-4E55-B7C1-D9D3DB439614}
	EndGlobalSection
EndGlobal
